
Microsoft Visual Studio Solution File, Format Version 12.00
# Visual Studio Version 17
VisualStudioVersion = 17.0.31903.59
MinimumVisualStudioVersion = 10.0.40219.1
Project("{FAE04EC0-301F-11D3-BF4B-00C04F79EFBC}") = "CHDMounter", "CHDMounter\CHDMounter.csproj", "{C40154CC-0747-41E4-80D5-0E434BD39AA2}"
EndProject
Project("{FAE04EC0-301F-11D3-BF4B-00C04F79EFBC}") = "CHDMounter.Core", "CHDMounter.Core\CHDMounter.Core.csproj", "{B8A5E3D1-9F42-4C67-A1B2-D5E6F7A8B9C0}"
EndProject
Project("{FAE04EC0-301F-11D3-BF4B-00C04F79EFBC}") = "CHDMounter_WinFsp", "CHDMounter_WinFsp\CHDMounter_WinFsp.csproj", "{D1E2F3A4-B5C6-47D8-E9F0-A1B2C3D4E5F6}"
EndProject
Project("{FAE04EC0-301F-11D3-BF4B-00C04F79EFBC}") = "CHDMounter.Core.Tests", "CHDMounter.Core.Tests\CHDMounter.Core.Tests.csproj", "{DCE5956A-817E-4575-8855-198B6BED3ADD}"
EndProject
Project("{FAE04EC0-301F-11D3-BF4B-00C04F79EFBC}") = "CHDMounter_Tester", "CHDMounter_Tester\CHDMounter_Tester.csproj", "{BA997464-5F74-432C-A327-A49922ACF6A6}"
EndProject
Global
	GlobalSection(SolutionConfigurationPlatforms) = preSolution
		Debug|Any CPU = Debug|Any CPU
		Debug|x64 = Debug|x64
		Debug|x86 = Debug|x86
		Release|Any CPU = Release|Any CPU
		Release|x64 = Release|x64
		Release|x86 = Release|x86
	EndGlobalSection
	GlobalSection(ProjectConfigurationPlatforms) = postSolution
		{C40154CC-0747-41E4-80D5-0E434BD39AA2}.Debug|Any CPU.ActiveCfg = Debug|Any CPU
		{C40154CC-0747-41E4-80D5-0E434BD39AA2}.Debug|Any CPU.Build.0 = Debug|Any CPU
		{C40154CC-0747-41E4-80D5-0E434BD39AA2}.Debug|x64.ActiveCfg = Debug|Any CPU
		{C40154CC-0747-41E4-80D5-0E434BD39AA2}.Debug|x64.Build.0 = Debug|Any CPU
		{C40154CC-0747-41E4-80D5-0E434BD39AA2}.Debug|x86.ActiveCfg = Debug|Any CPU
		{C40154CC-0747-41E4-80D5-0E434BD39AA2}.Debug|x86.Build.0 = Debug|Any CPU
		{C40154CC-0747-41E4-80D5-0E434BD39AA2}.Release|Any CPU.ActiveCfg = Release|Any CPU
		{C40154CC-0747-41E4-80D5-0E434BD39AA2}.Release|Any CPU.Build.0 = Release|Any CPU
		{C40154CC-0747-41E4-80D5-0E434BD39AA2}.Release|x64.ActiveCfg = Release|Any CPU
		{C40154CC-0747-41E4-80D5-0E434BD39AA2}.Release|x64.Build.0 = Release|Any CPU
		{C40154CC-0747-41E4-80D5-0E434BD39AA2}.Release|x86.ActiveCfg = Release|Any CPU
		{C40154CC-0747-41E4-80D5-0E434BD39AA2}.Release|x86.Build.0 = Release|Any CPU
		{B8A5E3D1-9F42-4C67-A1B2-D5E6F7A8B9C0}.Debug|Any CPU.ActiveCfg = Debug|Any CPU
		{B8A5E3D1-9F42-4C67-A1B2-D5E6F7A8B9C0}.Debug|Any CPU.Build.0 = Debug|Any CPU
		{B8A5E3D1-9F42-4C67-A1B2-D5E6F7A8B9C0}.Debug|x64.ActiveCfg = Debug|Any CPU
		{B8A5E3D1-9F42-4C67-A1B2-D5E6F7A8B9C0}.Debug|x64.Build.0 = Debug|Any CPU
		{B8A5E3D1-9F42-4C67-A1B2-D5E6F7A8B9C0}.Debug|x86.ActiveCfg = Debug|Any CPU
		{B8A5E3D1-9F42-4C67-A1B2-D5E6F7A8B9C0}.Debug|x86.Build.0 = Debug|Any CPU
		{B8A5E3D1-9F42-4C67-A1B2-D5E6F7A8B9C0}.Release|Any CPU.ActiveCfg = Release|Any CPU
		{B8A5E3D1-9F42-4C67-A1B2-D5E6F7A8B9C0}.Release|Any CPU.Build.0 = Release|Any CPU
		{B8A5E3D1-9F42-4C67-A1B2-D5E6F7A8B9C0}.Release|x64.ActiveCfg = Release|Any CPU
		{B8A5E3D1-9F42-4C67-A1B2-D5E6F7A8B9C0}.Release|x64.Build.0 = Release|Any CPU
		{B8A5E3D1-9F42-4C67-A1B2-D5E6F7A8B9C0}.Release|x86.ActiveCfg = Release|Any CPU
		{B8A5E3D1-9F42-4C67-A1B2-D5E6F7A8B9C0}.Release|x86.Build.0 = Release|Any CPU
		{D1E2F3A4-B5C6-47D8-E9F0-A1B2C3D4E5F6}.Debug|Any CPU.ActiveCfg = Debug|Any CPU
		{D1E2F3A4-B5C6-47D8-E9F0-A1B2C3D4E5F6}.Debug|Any CPU.Build.0 = Debug|Any CPU
		{D1E2F3A4-B5C6-47D8-E9F0-A1B2C3D4E5F6}.Debug|x64.ActiveCfg = Debug|Any CPU
		{D1E2F3A4-B5C6-47D8-E9F0-A1B2C3D4E5F6}.Debug|x64.Build.0 = Debug|Any CPU
		{D1E2F3A4-B5C6-47D8-E9F0-A1B2C3D4E5F6}.Debug|x86.ActiveCfg = Debug|Any CPU
		{D1E2F3A4-B5C6-47D8-E9F0-A1B2C3D4E5F6}.Debug|x86.Build.0 = Debug|Any CPU
		{D1E2F3A4-B5C6-47D8-E9F0-A1B2C3D4E5F6}.Release|Any CPU.ActiveCfg = Release|Any CPU
		{D1E2F3A4-B5C6-47D8-E9F0-A1B2C3D4E5F6}.Release|Any CPU.Build.0 = Release|Any CPU
		{D1E2F3A4-B5C6-47D8-E9F0-A1B2C3D4E5F6}.Release|x64.ActiveCfg = Release|Any CPU
		{D1E2F3A4-B5C6-47D8-E9F0-A1B2C3D4E5F6}.Release|x64.Build.0 = Release|Any CPU
		{D1E2F3A4-B5C6-47D8-E9F0-A1B2C3D4E5F6}.Release|x86.ActiveCfg = Release|Any CPU
		{D1E2F3A4-B5C6-47D8-E9F0-A1B2C3D4E5F6}.Release|x86.Build.0 = Release|Any CPU
		{DCE5956A-817E-4575-8855-198B6BED3ADD}.Debug|Any CPU.ActiveCfg = Debug|Any CPU
		{DCE5956A-817E-4575-8855-198B6BED3ADD}.Debug|Any CPU.Build.0 = Debug|Any CPU
		{DCE5956A-817E-4575-8855-198B6BED3ADD}.Debug|x64.ActiveCfg = Debug|Any CPU
		{DCE5956A-817E-4575-8855-198B6BED3ADD}.Debug|x64.Build.0 = Debug|Any CPU
		{DCE5956A-817E-4575-8855-198B6BED3ADD}.Debug|x86.ActiveCfg = Debug|Any CPU
		{DCE5956A-817E-4575-8855-198B6BED3ADD}.Debug|x86.Build.0 = Debug|Any CPU
		{DCE5956A-817E-4575-8855-198B6BED3ADD}.Release|Any CPU.ActiveCfg = Release|Any CPU
		{DCE5956A-817E-4575-8855-198B6BED3ADD}.Release|Any CPU.Build.0 = Release|Any CPU
		{DCE5956A-817E-4575-8855-198B6BED3ADD}.Release|x64.ActiveCfg = Release|Any CPU
		{DCE5956A-817E-4575-8855-198B6BED3ADD}.Release|x64.Build.0 = Release|Any CPU
		{DCE5956A-817E-4575-8855-198B6BED3ADD}.Release|x86.ActiveCfg = Release|Any CPU
		{DCE5956A-817E-4575-8855-198B6BED3ADD}.Release|x86.Build.0 = Release|Any CPU
		{BA997464-5F74-432C-A327-A49922ACF6A6}.Debug|Any CPU.ActiveCfg = Debug|Any CPU
		{BA997464-5F74-432C-A327-A49922ACF6A6}.Debug|Any CPU.Build.0 = Debug|Any CPU
		{BA997464-5F74-432C-A327-A49922ACF6A6}.Debug|x64.ActiveCfg = Debug|Any CPU
		{BA997464-5F74-432C-A327-A49922ACF6A6}.Debug|x64.Build.0 = Debug|Any CPU
		{BA997464-5F74-432C-A327-A49922ACF6A6}.Debug|x86.ActiveCfg = Debug|Any CPU
		{BA997464-5F74-432C-A327-A49922ACF6A6}.Debug|x86.Build.0 = Debug|Any CPU
		{BA997464-5F74-432C-A327-A49922ACF6A6}.Release|Any CPU.ActiveCfg = Release|Any CPU
		{BA997464-5F74-432C-A327-A49922ACF6A6}.Release|Any CPU.Build.0 = Release|Any CPU
		{BA997464-5F74-432C-A327-A49922ACF6A6}.Release|x64.ActiveCfg = Release|Any CPU
		{BA997464-5F74-432C-A327-A49922ACF6A6}.Release|x64.Build.0 = Release|Any CPU
		{BA997464-5F74-432C-A327-A49922ACF6A6}.Release|x86.ActiveCfg = Release|Any CPU
		{BA997464-5F74-432C-A327-A49922ACF6A6}.Release|x86.Build.0 = Release|Any CPU
	EndGlobalSection
	GlobalSection(SolutionProperties) = preSolution
		HideSolutionNode = FALSE
	EndGlobalSection
EndGlobal
